
Microsoft Visual Studio Solution File, Format Version 12.00
# Visual Studio Version 16
VisualStudioVersion = 16.0.33130.400
MinimumVisualStudioVersion = 10.0.40219.1
Project("{FAE04EC0-301F-11D3-BF4B-00C04F79EFBC}") = "CLIChess", "CLIChess\CLIChess.csproj", "{2B200920-4C4D-4AA4-BE19-3C68DA7CEC28}"
EndProject
Global
	GlobalSection(SolutionConfigurationPlatforms) = preSolution
		Debug|Any CPU = Debug|Any CPU
		Release|Any CPU = Release|Any CPU
	EndGlobalSection
	GlobalSection(ProjectConfigurationPlatforms) = postSolution
		{2B200920-4C4D-4AA4-BE19-3C68DA7CEC28}.Debug|Any CPU.ActiveCfg = Debug|Any CPU
		{2B200920-4C4D-4AA4-BE19-3C68DA7CEC28}.Debug|Any CPU.Build.0 = Debug|Any CPU
		{2B200920-4C4D-4AA4-BE19-3C68DA7CEC28}.Release|Any CPU.ActiveCfg = Release|Any CPU
		{2B200920-4C4D-4AA4-BE19-3C68DA7CEC28}.Release|Any CPU.Build.0 = Release|Any CPU
	EndGlobalSection
	GlobalSection(SolutionProperties) = preSolution
		HideSolutionNode = FALSE
	EndGlobalSection
	GlobalSection(ExtensibilityGlobals) = postSolution
		SolutionGuid = {77CEF014-C322-4827-BE6E-61B0247D2964}
	EndGlobalSection
EndGlobal
